
Microsoft Visual Studio Solution File, Format Version 12.00
# Visual Studio Version 17
VisualStudioVersion = 17.10.35027.167
MinimumVisualStudioVersion = 10.0.40219.1
Project("{FAE04EC0-301F-11D3-BF4B-00C04F79EFBC}") = "MaxFunkTetris2024", "MaxFunkTetris2024.csproj", "{5125F549-AFB0-47B2-A36F-9B132ADFF172}"
EndProject
Global
	GlobalSection(SolutionConfigurationPlatforms) = preSolution
		Debug|Any CPU = Debug|Any CPU
		Release|Any CPU = Release|Any CPU
	EndGlobalSection
	GlobalSection(ProjectConfigurationPlatforms) = postSolution
		{5125F549-AFB0-47B2-A36F-9B132ADFF172}.Debug|Any CPU.ActiveCfg = Debug|Any CPU
		{5125F549-AFB0-47B2-A36F-9B132ADFF172}.Debug|Any CPU.Build.0 = Debug|Any CPU
		{5125F549-AFB0-47B2-A36F-9B132ADFF172}.Release|Any CPU.ActiveCfg = Release|Any CPU
		{5125F549-AFB0-47B2-A36F-9B132ADFF172}.Release|Any CPU.Build.0 = Release|Any CPU
	EndGlobalSection
	GlobalSection(SolutionProperties) = preSolution
		HideSolutionNode = FALSE
	EndGlobalSection
	GlobalSection(ExtensibilityGlobals) = postSolution
		SolutionGuid = {E2D45001-E7D6-45D1-A92D-AF88C5DC2522}
	EndGlobalSection
EndGlobal
